// !$*UTF8*$!
{
	archiveVersion = 1;
	classes = {
	};
	objectVersion = 46;
	objects = {

/* Begin PBXBuildFile section */
		F16000591AE82DAC0049F22C /* AppDelegate.swift in Sources */ = {isa = PBXBuildFile; fileRef = F16000581AE82DAC0049F22C /* AppDelegate.swift */; };
		F160005B1AE82DAC0049F22C /* ViewController.swift in Sources */ = {isa = PBXBuildFile; fileRef = F160005A1AE82DAC0049F22C /* ViewController.swift */; };
		F160005E1AE82DAC0049F22C /* Main.storyboard in Resources */ = {isa = PBXBuildFile; fileRef = F160005C1AE82DAC0049F22C /* Main.storyboard */; };
		F16000601AE82DAC0049F22C /* Images.xcassets in Resources */ = {isa = PBXBuildFile; fileRef = F160005F1AE82DAC0049F22C /* Images.xcassets */; };
		F16000631AE82DAC0049F22C /* LaunchScreen.xib in Resources */ = {isa = PBXBuildFile; fileRef = F16000611AE82DAC0049F22C /* LaunchScreen.xib */; };
		F160006F1AE82DAC0049F22C /* PostcardTests.swift in Sources */ = {isa = PBXBuildFile; fileRef = F160006E1AE82DAC0049F22C /* PostcardTests.swift */; };
		F16000791AE85CDC0049F22C /* SagradaFamilia.jpeg in Resources */ = {isa = PBXBuildFile; fileRef = F16000781AE85CDC0049F22C /* SagradaFamilia.jpeg */; };
		F160007B1AE862490049F22C /* AlbertEinsteinStamp.jpg in Resources */ = {isa = PBXBuildFile; fileRef = F160007A1AE862490049F22C /* AlbertEinsteinStamp.jpg */; };
/* End PBXBuildFile section */

/* Begin PBXContainerItemProxy section */
		F16000691AE82DAC0049F22C /* PBXContainerItemProxy */ = {
			isa = PBXContainerItemProxy;
			containerPortal = F160004B1AE82DAC0049F22C /* Project object */;
			proxyType = 1;
			remoteGlobalIDString = F16000521AE82DAC0049F22C;
			remoteInfo = Postcard;
		};
/* End PBXContainerItemProxy section */

/* Begin PBXFileReference section */
		F16000531AE82DAC0049F22C /* Postcard.app */ = {isa = PBXFileReference; explicitFileType = wrapper.application; includeInIndex = 0; path = Postcard.app; sourceTree = BUILT_PRODUCTS_DIR; };
		F16000571AE82DAC0049F22C /* Info.plist */ = {isa = PBXFileReference; lastKnownFileType = text.plist.xml; path = Info.plist; sourceTree = "<group>"; };
		F16000581AE82DAC0049F22C /* AppDelegate.swift */ = {isa = PBXFileReference; lastKnownFileType = sourcecode.swift; path = AppDelegate.swift; sourceTree = "<group>"; };
		F160005A1AE82DAC0049F22C /* ViewController.swift */ = {isa = PBXFileReference; lastKnownFileType = sourcecode.swift; path = ViewController.swift; sourceTree = "<group>"; };
		F160005D1AE82DAC0049F22C /* Base */ = {isa = PBXFileReference; lastKnownFileType = file.storyboard; name = Base; path = Base.lproj/Main.storyboard; sourceTree = "<group>"; };
		F160005F1AE82DAC0049F22C /* Images.xcassets */ = {isa = PBXFileReference; lastKnownFileType = folder.assetcatalog; path = Images.xcassets; sourceTree = "<group>"; };
		F16000621AE82DAC0049F22C /* Base */ = {isa = PBXFileReference; lastKnownFileType = file.xib; name = Base; path = Base.lproj/LaunchScreen.xib; sourceTree = "<group>"; };
		F16000681AE82DAC0049F22C /* PostcardTests.xctest */ = {isa = PBXFileReference; explicitFileType = wrapper.cfbundle; includeInIndex = 0; path = PostcardTests.xctest; sourceTree = BUILT_PRODUCTS_DIR; };
		F160006D1AE82DAC0049F22C /* Info.plist */ = {isa = PBXFileReference; lastKnownFileType = text.plist.xml; path = Info.plist; sourceTree = "<group>"; };
		F160006E1AE82DAC0049F22C /* PostcardTests.swift */ = {isa = PBXFileReference; lastKnownFileType = sourcecode.swift; path = PostcardTests.swift; sourceTree = "<group>"; };
		F16000781AE85CDC0049F22C /* SagradaFamilia.jpeg */ = {isa = PBXFileReference; lastKnownFileType = image.jpeg; path = SagradaFamilia.jpeg; sourceTree = "<group>"; };
		F160007A1AE862490049F22C /* AlbertEinsteinStamp.jpg */ = {isa = PBXFileReference; lastKnownFileType = image.jpeg; path = AlbertEinsteinStamp.jpg; sourceTree = "<group>"; };
/* End PBXFileReference section */

/* Begin PBXFrameworksBuildPhase section */
		F16000501AE82DAC0049F22C /* Frameworks */ = {
			isa = PBXFrameworksBuildPhase;
			buildActionMask = 2147483647;
			files = (
			);
			runOnlyForDeploymentPostprocessing = 0;
		};
		F16000651AE82DAC0049F22C /* Frameworks */ = {
			isa = PBXFrameworksBuildPhase;
			buildActionMask = 2147483647;
			files = (
			);
			runOnlyForDeploymentPostprocessing = 0;
		};
/* End PBXFrameworksBuildPhase section */

/* Begin PBXGroup section */
		F160004A1AE82DAC0049F22C = {
			isa = PBXGroup;
			children = (
				F16000551AE82DAC0049F22C /* Postcard */,
				F160006B1AE82DAC0049F22C /* PostcardTests */,
				F16000541AE82DAC0049F22C /* Products */,
			);
			sourceTree = "<group>";
		};
		F16000541AE82DAC0049F22C /* Products */ = {
			isa = PBXGroup;
			children = (
				F16000531AE82DAC0049F22C /* Postcard.app */,
				F16000681AE82DAC0049F22C /* PostcardTests.xctest */,
			);
			name = Products;
			sourceTree = "<group>";
		};
		F16000551AE82DAC0049F22C /* Postcard */ = {
			isa = PBXGroup;
			children = (
				F16000581AE82DAC0049F22C /* AppDelegate.swift */,
				F160005A1AE82DAC0049F22C /* ViewController.swift */,
				F160005C1AE82DAC0049F22C /* Main.storyboard */,
				F160005F1AE82DAC0049F22C /* Images.xcassets */,
				F16000611AE82DAC0049F22C /* LaunchScreen.xib */,
				F16000561AE82DAC0049F22C /* Supporting Files */,
			);
			path = Postcard;
			sourceTree = "<group>";
		};
		F16000561AE82DAC0049F22C /* Supporting Files */ = {
			isa = PBXGroup;
			children = (
				F16000781AE85CDC0049F22C /* SagradaFamilia.jpeg */,
				F160007A1AE862490049F22C /* AlbertEinsteinStamp.jpg */,
				F16000571AE82DAC0049F22C /* Info.plist */,
			);
			name = "Supporting Files";
			sourceTree = "<group>";
		};
		F160006B1AE82DAC0049F22C /* PostcardTests */ = {
			isa = PBXGroup;
			children = (
				F160006E1AE82DAC0049F22C /* PostcardTests.swift */,
				F160006C1AE82DAC0049F22C /* Supporting Files */,
			);
			path = PostcardTests;
			sourceTree = "<group>";
		};
		F160006C1AE82DAC0049F22C /* Supporting Files */ = {
			isa = PBXGroup;
			children = (
				F160006D1AE82DAC0049F22C /* Info.plist */,
			);
			name = "Supporting Files";
			sourceTree = "<group>";
		};
/* End PBXGroup section */

/* Begin PBXNativeTarget section */
		F16000521AE82DAC0049F22C /* Postcard */ = {
			isa = PBXNativeTarget;
			buildConfigurationList = F16000721AE82DAC0049F22C /* Build configuration list for PBXNativeTarget "Postcard" */;
			buildPhases = (
				F160004F1AE82DAC0049F22C /* Sources */,
				F16000501AE82DAC0049F22C /* Frameworks */,
				F16000511AE82DAC0049F22C /* Resources */,
			);
			buildRules = (
			);
			dependencies = (
			);
			name = Postcard;
			productName = Postcard;
			productReference = F16000531AE82DAC0049F22C /* Postcard.app */;
			productType = "com.apple.product-type.application";
		};
		F16000671AE82DAC0049F22C /* PostcardTests */ = {
			isa = PBXNativeTarget;
			buildConfigurationList = F16000751AE82DAC0049F22C /* Build configuration list for PBXNativeTarget "PostcardTests" */;
			buildPhases = (
				F16000641AE82DAC0049F22C /* Sources */,
				F16000651AE82DAC0049F22C /* Frameworks */,
				F16000661AE82DAC0049F22C /* Resources */,
			);
			buildRules = (
			);
			dependencies = (
				F160006A1AE82DAC0049F22C /* PBXTargetDependency */,
			);
			name = PostcardTests;
			productName = PostcardTests;
			productReference = F16000681AE82DAC0049F22C /* PostcardTests.xctest */;
			productType = "com.apple.product-type.bundle.unit-test";
		};
/* End PBXNativeTarget section */

/* Begin PBXProject section */
		F160004B1AE82DAC0049F22C /* Project object */ = {
			isa = PBXProject;
			attributes = {
				LastUpgradeCheck = 0630;
				ORGANIZATIONNAME = Nathaniel;
				TargetAttributes = {
					F16000521AE82DAC0049F22C = {
						CreatedOnToolsVersion = 6.3.1;
					};
					F16000671AE82DAC0049F22C = {
						CreatedOnToolsVersion = 6.3.1;
						TestTargetID = F16000521AE82DAC0049F22C;
					};
				};
			};
			buildConfigurationList = F160004E1AE82DAC0049F22C /* Build configuration list for PBXProject "Postcard" */;
			compatibilityVersion = "Xcode 3.2";
			developmentRegion = English;
			hasScannedForEncodings = 0;
			knownRegions = (
				en,
				Base,
			);
			mainGroup = F160004A1AE82DAC0049F22C;
			productRefGroup = F16000541AE82DAC0049F22C /* Products */;
			projectDirPath = "";
			projectRoot = "";
			targets = (
				F16000521AE82DAC0049F22C /* Postcard */,
				F16000671AE82DAC0049F22C /* PostcardTests */,
			);
		};
/* End PBXProject section */

/* Begin PBXResourcesBuildPhase section */
		F16000511AE82DAC0049F22C /* Resources */ = {
			isa = PBXResourcesBuildPhase;
			buildActionMask = 2147483647;
			files = (
				F160005E1AE82DAC0049F22C /* Main.storyboard in Resources */,
				F16000791AE85CDC0049F22C /* SagradaFamilia.jpeg in Resources */,
				F160007B1AE862490049F22C /* AlbertEinsteinStamp.jpg in Resources */,
				F16000631AE82DAC0049F22C /* LaunchScreen.xib in Resources */,
				F16000601AE82DAC0049F22C /* Images.xcassets in Resources */,
			);
			runOnlyForDeploymentPostprocessing = 0;
		};
		F16000661AE82DAC0049F22C /* Resources */ = {
			isa = PBXResourcesBuildPhase;
			buildActionMask = 2147483647;
			files = (
			);
			runOnlyForDeploymentPostprocessing = 0;
		};
/* End PBXResourcesBuildPhase section */

/* Begin PBXSourcesBuildPhase section */
		F160004F1AE82DAC0049F22C /* Sources */ = {
			isa = PBXSourcesBuildPhase;
			buildActionMask = 2147483647;
			files = (
				F160005B1AE82DAC0049F22C /* ViewController.swift in Sources */,
				F16000591AE82DAC0049F22C /* AppDelegate.swift in Sources */,
			);
			runOnlyForDeploymentPostprocessing = 0;
		};
		F16000641AE82DAC0049F22C /* Sources */ = {
			isa = PBXSourcesBuildPhase;
			buildActionMask = 2147483647;
			files = (
				F160006F1AE82DAC0049F22C /* PostcardTests.swift in Sources */,
			);
			runOnlyForDeploymentPostprocessing = 0;
		};
/* End PBXSourcesBuildPhase section */

/* Begin PBXTargetDependency section */
		F160006A1AE82DAC0049F22C /* PBXTargetDependency */ = {
			isa = PBXTargetDependency;
			target = F16000521AE82DAC0049F22C /* Postcard */;
			targetProxy = F16000691AE82DAC0049F22C /* PBXContainerItemProxy */;
		};
/* End PBXTargetDependency section */

/* Begin PBXVariantGroup section */
		F160005C1AE82DAC0049F22C /* Main.storyboard */ = {
			isa = PBXVariantGroup;
			children = (
				F160005D1AE82DAC0049F22C /* Base */,
			);
			name = Main.storyboard;
			sourceTree = "<group>";
		};
		F16000611AE82DAC0049F22C /* LaunchScreen.xib */ = {
			isa = PBXVariantGroup;
			children = (
				F16000621AE82DAC0049F22C /* Base */,
			);
			name = LaunchScreen.xib;
			sourceTree = "<group>";
		};
/* End PBXVariantGroup section */

/* Begin XCBuildConfiguration section */
		F16000701AE82DAC0049F22C /* Debug */ = {
			isa = XCBuildConfiguration;
			buildSettings = {
				ALWAYS_SEARCH_USER_PATHS = NO;
				CLANG_CXX_LANGUAGE_STANDARD = "gnu++0x";
				CLANG_CXX_LIBRARY = "libc++";
				CLANG_ENABLE_MODULES = YES;
				CLANG_ENABLE_OBJC_ARC = YES;
				CLANG_WARN_BOOL_CONVERSION = YES;
				CLANG_WARN_CONSTANT_CONVERSION = YES;
				CLANG_WARN_DIRECT_OBJC_ISA_USAGE = YES_ERROR;
				CLANG_WARN_EMPTY_BODY = YES;
				CLANG_WARN_ENUM_CONVERSION = YES;
				CLANG_WARN_INT_CONVERSION = YES;
				CLANG_WARN_OBJC_ROOT_CLASS = YES_ERROR;
				CLANG_WARN_UNREACHABLE_CODE = YES;
				CLANG_WARN__DUPLICATE_METHOD_MATCH = YES;
				"CODE_SIGN_IDENTITY[sdk=iphoneos*]" = "iPhone Developer";
				COPY_PHASE_STRIP = NO;
				DEBUG_INFORMATION_FORMAT = "dwarf-with-dsym";
				ENABLE_STRICT_OBJC_MSGSEND = YES;
				GCC_C_LANGUAGE_STANDARD = gnu99;
				GCC_DYNAMIC_NO_PIC = NO;
				GCC_NO_COMMON_BLOCKS = YES;
				GCC_OPTIMIZATION_LEVEL = 0;
				GCC_PREPROCESSOR_DEFINITIONS = (
					"DEBUG=1",
					"$(inherited)",
				);
				GCC_SYMBOLS_PRIVATE_EXTERN = NO;
				GCC_WARN_64_TO_32_BIT_CONVERSION = YES;
				GCC_WARN_ABOUT_RETURN_TYPE = YES_ERROR;
				GCC_WARN_UNDECLARED_SELECTOR = YES;
				GCC_WARN_UNINITIALIZED_AUTOS = YES_AGGRESSIVE;
				GCC_WARN_UNUSED_FUNCTION = YES;
				GCC_WARN_UNUSED_VARIABLE = YES;
				IPHONEOS_DEPLOYMENT_TARGET = 8.3;
				MTL_ENABLE_DEBUG_INFO = YES;
				ONLY_ACTIVE_ARCH = YES;
				SDKROOT = iphoneos;
				SWIFT_OPTIMIZATION_LEVEL = "-Onone";
				TARGETED_DEVICE_FAMILY = "1,2";
			};
			name = Debug;
		};
		F16000711AE82DAC0049F22C /* Release */ = {
			isa = XCBuildConfiguration;
			buildSettings = {
				ALWAYS_SEARCH_USER_PATHS = NO;
				CLANG_CXX_LANGUAGE_STANDARD = "gnu++0x";
				CLANG_CXX_LIBRARY = "libc++";
				CLANG_ENABLE_MODULES = YES;
				CLANG_ENABLE_OBJC_ARC = YES;
				CLANG_WARN_BOOL_CONVERSION = YES;
				CLANG_WARN_CONSTANT_CONVERSION = YES;
				CLANG_WARN_DIRECT_OBJC_ISA_USAGE = YES_ERROR;
				CLANG_WARN_EMPTY_BODY = YES;
				CLANG_WARN_ENUM_CONVERSION = YES;
				CLANG_WARN_INT_CONVERSION = YES;
				CLANG_WARN_OBJC_ROOT_CLASS = YES_ERROR;
				CLANG_WARN_UNREACHABLE_CODE = YES;
				CLANG_WARN__DUPLICATE_METHOD_MATCH = YES;
				"CODE_SIGN_IDENTITY[sdk=iphoneos*]" = "iPhone Developer";
				COPY_PHASE_STRIP = NO;
				DEBUG_INFORMATION_FORMAT = "dwarf-with-dsym";
				ENABLE_NS_ASSERTIONS = NO;
				ENABLE_STRICT_OBJC_MSGSEND = YES;
				GCC_C_LANGUAGE_STANDARD = gnu99;
				GCC_NO_COMMON_BLOCKS = YES;
				GCC_WARN_64_TO_32_BIT_CONVERSION = YES;
				GCC_WARN_ABOUT_RETURN_TYPE = YES_ERROR;
				GCC_WARN_UNDECLARED_SELECTOR = YES;
				GCC_WARN_UNINITIALIZED_AUTOS = YES_AGGRESSIVE;
				GCC_WARN_UNUSED_FUNCTION = YES;
				GCC_WARN_UNUSED_VARIABLE = YES;
				IPHONEOS_DEPLOYMENT_TARGET = 8.3;
				MTL_ENABLE_DEBUG_INFO = NO;
				SDKROOT = iphoneos;
				TARGETED_DEVICE_FAMILY = "1,2";
				VALIDATE_PRODUCT = YES;
			};
			name = Release;
		};
		F16000731AE82DAC0049F22C /* Debug */ = {
			isa = XCBuildConfiguration;
			buildSettings = {
				ASSETCATALOG_COMPILER_APPICON_NAME = AppIcon;
				INFOPLIST_FILE = Postcard/Info.plist;
				LD_RUNPATH_SEARCH_PATHS = "$(inherited) @executable_path/Frameworks";
				PRODUCT_NAME = "$(TARGET_NAME)";
			};
			name = Debug;
		};
		F16000741AE82DAC0049F22C /* Release */ = {
			isa = XCBuildConfiguration;
			buildSettings = {
				ASSETCATALOG_COMPILER_APPICON_NAME = AppIcon;
				INFOPLIST_FILE = Postcard/Info.plist;
				LD_RUNPATH_SEARCH_PATHS = "$(inherited) @executable_path/Frameworks";
				PRODUCT_NAME = "$(TARGET_NAME)";
			};
			name = Release;
		};
		F16000761AE82DAC0049F22C /* Debug */ = {
			isa = XCBuildConfiguration;
			buildSettings = {
				BUNDLE_LOADER = "$(TEST_HOST)";
				FRAMEWORK_SEARCH_PATHS = (
					"$(SDKROOT)/Developer/Library/Frameworks",
					"$(inherited)",
				);
				GCC_PREPROCESSOR_DEFINITIONS = (
					"DEBUG=1",
					"$(inherited)",
				);
				INFOPLIST_FILE = PostcardTests/Info.plist;
				LD_RUNPATH_SEARCH_PATHS = "$(inherited) @executable_path/Frameworks @loader_path/Frameworks";
				PRODUCT_NAME = "$(TARGET_NAME)";
				TEST_HOST = "$(BUILT_PRODUCTS_DIR)/Postcard.app/Postcard";
			};
			name = Debug;
		};
		F16000771AE82DAC0049F22C /* Release */ = {
			isa = XCBuildConfiguration;
			buildSettings = {
				BUNDLE_LOADER = "$(TEST_HOST)";
				FRAMEWORK_SEARCH_PATHS = (
					"$(SDKROOT)/Developer/Library/Frameworks",
					"$(inherited)",
				);
				INFOPLIST_FILE = PostcardTests/Info.plist;
				LD_RUNPATH_SEARCH_PATHS = "$(inherited) @executable_path/Frameworks @loader_path/Frameworks";
				PRODUCT_NAME = "$(TARGET_NAME)";
				TEST_HOST = "$(BUILT_PRODUCTS_DIR)/Postcard.app/Postcard";
			};
			name = Release;
		};
/* End XCBuildConfiguration section */

/* Begin XCConfigurationList section */
		F160004E1AE82DAC0049F22C /* Build configuration list for PBXProject "Postcard" */ = {
			isa = XCConfigurationList;
			buildConfigurations = (
				F16000701AE82DAC0049F22C /* Debug */,
				F16000711AE82DAC0049F22C /* Release */,
			);
			defaultConfigurationIsVisible = 0;
			defaultConfigurationName = Release;
		};
		F16000721AE82DAC0049F22C /* Build configuration list for PBXNativeTarget "Postcard" */ = {
			isa = XCConfigurationList;
			buildConfigurations = (
				F16000731AE82DAC0049F22C /* Debug */,
				F16000741AE82DAC0049F22C /* Release */,
			);
			defaultConfigurationIsVisible = 0;
		};
		F16000751AE82DAC0049F22C /* Build configuration list for PBXNativeTarget "PostcardTests" */ = {
			isa = XCConfigurationList;
			buildConfigurations = (
				F16000761AE82DAC0049F22C /* Debug */,
				F16000771AE82DAC0049F22C /* Release */,
			);
			defaultConfigurationIsVisible = 0;
		};
/* End XCConfigurationList section */
	};
	rootObject = F160004B1AE82DAC0049F22C /* Project object */;
}
